
Microsoft Visual Studio Solution File, Format Version 12.00
# Visual Studio Version 17
VisualStudioVersion = 17.5.33530.505
MinimumVisualStudioVersion = 10.0.40219.1
Project("{FAE04EC0-301F-11D3-BF4B-00C04F79EFBC}") = "Rebar", "Rebar.csproj", "{894EC420-1CD4-4742-B142-14E770DA3FBD}"
EndProject
Global
	GlobalSection(SolutionConfigurationPlatforms) = preSolution
		Debug|Any CPU = Debug|Any CPU
		Release|Any CPU = Release|Any CPU
	EndGlobalSection
	GlobalSection(ProjectConfigurationPlatforms) = postSolution
		{894EC420-1CD4-4742-B142-14E770DA3FBD}.Debug|Any CPU.ActiveCfg = Debug|Any CPU
		{894EC420-1CD4-4742-B142-14E770DA3FBD}.Debug|Any CPU.Build.0 = Debug|Any CPU
		{894EC420-1CD4-4742-B142-14E770DA3FBD}.Release|Any CPU.ActiveCfg = Release|Any CPU
		{894EC420-1CD4-4742-B142-14E770DA3FBD}.Release|Any CPU.Build.0 = Release|Any CPU
	EndGlobalSection
	GlobalSection(SolutionProperties) = preSolution
		HideSolutionNode = FALSE
	EndGlobalSection
	GlobalSection(ExtensibilityGlobals) = postSolution
		SolutionGuid = {1ABFBC85-997C-481E-A087-73E834F3EA52}
	EndGlobalSection
EndGlobal
